
Microsoft Visual Studio Solution File, Format Version 12.00
# Visual Studio 15
Project("{FAE04EC0-301F-11D3-BF4B-00C04F79EFBC}") = "Assembly-CSharp", "Assembly-CSharp.csproj", "{D42D472B-1964-57CB-C7D1-99F5B0554298}"
EndProject
Project("{FAE04EC0-301F-11D3-BF4B-00C04F79EFBC}") = "Assembly-CSharp-firstpass", "Assembly-CSharp-firstpass.csproj", "{FC80314C-7BAD-3597-D8F0-E3B8534DFADD}"
EndProject
Project("{FAE04EC0-301F-11D3-BF4B-00C04F79EFBC}") = "Assembly-CSharp-Editor-firstpass", "Assembly-CSharp-Editor-firstpass.csproj", "{CCED264D-1298-24FB-B885-3AB928C92F72}"
EndProject
Global
	GlobalSection(SolutionConfigurationPlatforms) = preSolution
		Debug|Any CPU = Debug|Any CPU
		Release|Any CPU = Release|Any CPU
	EndGlobalSection
	GlobalSection(ProjectConfigurationPlatforms) = postSolution
		{D42D472B-1964-57CB-C7D1-99F5B0554298}.Debug|Any CPU.ActiveCfg = Debug|Any CPU
		{D42D472B-1964-57CB-C7D1-99F5B0554298}.Debug|Any CPU.Build.0 = Debug|Any CPU
		{D42D472B-1964-57CB-C7D1-99F5B0554298}.Release|Any CPU.ActiveCfg = Release|Any CPU
		{D42D472B-1964-57CB-C7D1-99F5B0554298}.Release|Any CPU.Build.0 = Release|Any CPU
		{FC80314C-7BAD-3597-D8F0-E3B8534DFADD}.Debug|Any CPU.ActiveCfg = Debug|Any CPU
		{FC80314C-7BAD-3597-D8F0-E3B8534DFADD}.Debug|Any CPU.Build.0 = Debug|Any CPU
		{FC80314C-7BAD-3597-D8F0-E3B8534DFADD}.Release|Any CPU.ActiveCfg = Release|Any CPU
		{FC80314C-7BAD-3597-D8F0-E3B8534DFADD}.Release|Any CPU.Build.0 = Release|Any CPU
		{CCED264D-1298-24FB-B885-3AB928C92F72}.Debug|Any CPU.ActiveCfg = Debug|Any CPU
		{CCED264D-1298-24FB-B885-3AB928C92F72}.Debug|Any CPU.Build.0 = Debug|Any CPU
		{CCED264D-1298-24FB-B885-3AB928C92F72}.Release|Any CPU.ActiveCfg = Release|Any CPU
		{CCED264D-1298-24FB-B885-3AB928C92F72}.Release|Any CPU.Build.0 = Release|Any CPU
	EndGlobalSection
	GlobalSection(SolutionProperties) = preSolution
		HideSolutionNode = FALSE
	EndGlobalSection
EndGlobal
